// !$*UTF8*$!
{
	archiveVersion = 1;
	classes = {
	};
	objectVersion = 56;
	objects = {

/* Begin PBXBuildFile section */
		C51EC90E2C4E69EA007FE1EA /* AppDelegate.swift in Sources */ = {isa = PBXBuildFile; fileRef = C51EC90D2C4E69EA007FE1EA /* AppDelegate.swift */; };
		C51EC9122C4E69EA007FE1EA /* WeatherViewController.swift in Sources */ = {isa = PBXBuildFile; fileRef = C51EC9112C4E69EA007FE1EA /* WeatherViewController.swift */; };
		C51EC9172C4E69EC007FE1EA /* Assets.xcassets in Resources */ = {isa = PBXBuildFile; fileRef = C51EC9162C4E69EC007FE1EA /* Assets.xcassets */; };
		C51EC91A2C4E69EC007FE1EA /* Base in Resources */ = {isa = PBXBuildFile; fileRef = C51EC9192C4E69EC007FE1EA /* Base */; };
		C57737772C4E9F3E00A8ADD1 /* UIView + Extension.swift in Sources */ = {isa = PBXBuildFile; fileRef = C57737762C4E9F3E00A8ADD1 /* UIView + Extension.swift */; };
		C57737792C4E9F5500A8ADD1 /* UIFont + Extension.swift in Sources */ = {isa = PBXBuildFile; fileRef = C57737782C4E9F5500A8ADD1 /* UIFont + Extension.swift */; };
		C577377B2C4E9FE300A8ADD1 /* OpenSansEnum.swift in Sources */ = {isa = PBXBuildFile; fileRef = C577377A2C4E9FE300A8ADD1 /* OpenSansEnum.swift */; };
		C577377D2C4EA12600A8ADD1 /* WeatherTypeEnum.swift in Sources */ = {isa = PBXBuildFile; fileRef = C577377C2C4EA12600A8ADD1 /* WeatherTypeEnum.swift */; };
		C57737852C4EB22500A8ADD1 /* Localizable.xcstrings in Resources */ = {isa = PBXBuildFile; fileRef = C57737842C4EB22500A8ADD1 /* Localizable.xcstrings */; };
		C5ACF2902C4E933800B98952 /* WeatherTypeCollectionViewCell.swift in Sources */ = {isa = PBXBuildFile; fileRef = C5ACF28F2C4E933800B98952 /* WeatherTypeCollectionViewCell.swift */; };
		C5ACF2922C4E944500B98952 /* WeatherTypeCollectionView.swift in Sources */ = {isa = PBXBuildFile; fileRef = C5ACF2912C4E944500B98952 /* WeatherTypeCollectionView.swift */; };
		C5ACF2952C4E95DB00B98952 /* OpenSans-Regular.ttf in Resources */ = {isa = PBXBuildFile; fileRef = C5ACF2932C4E95C300B98952 /* OpenSans-Regular.ttf */; };
/* End PBXBuildFile section */

/* Begin PBXFileReference section */
		C51EC90A2C4E69EA007FE1EA /* WeatherVision.app */ = {isa = PBXFileReference; explicitFileType = wrapper.application; includeInIndex = 0; path = WeatherVision.app; sourceTree = BUILT_PRODUCTS_DIR; };
		C51EC90D2C4E69EA007FE1EA /* AppDelegate.swift */ = {isa = PBXFileReference; lastKnownFileType = sourcecode.swift; path = AppDelegate.swift; sourceTree = "<group>"; };
		C51EC9112C4E69EA007FE1EA /* WeatherViewController.swift */ = {isa = PBXFileReference; lastKnownFileType = sourcecode.swift; path = WeatherViewController.swift; sourceTree = "<group>"; };
		C51EC9162C4E69EC007FE1EA /* Assets.xcassets */ = {isa = PBXFileReference; lastKnownFileType = folder.assetcatalog; path = Assets.xcassets; sourceTree = "<group>"; };
		C51EC9192C4E69EC007FE1EA /* Base */ = {isa = PBXFileReference; lastKnownFileType = file.storyboard; name = Base; path = Base.lproj/LaunchScreen.storyboard; sourceTree = "<group>"; };
		C51EC91B2C4E69EC007FE1EA /* Info.plist */ = {isa = PBXFileReference; lastKnownFileType = text.plist.xml; path = Info.plist; sourceTree = "<group>"; };
		C57737762C4E9F3E00A8ADD1 /* UIView + Extension.swift */ = {isa = PBXFileReference; lastKnownFileType = sourcecode.swift; path = "UIView + Extension.swift"; sourceTree = "<group>"; };
		C57737782C4E9F5500A8ADD1 /* UIFont + Extension.swift */ = {isa = PBXFileReference; lastKnownFileType = sourcecode.swift; path = "UIFont + Extension.swift"; sourceTree = "<group>"; };
		C577377A2C4E9FE300A8ADD1 /* OpenSansEnum.swift */ = {isa = PBXFileReference; lastKnownFileType = sourcecode.swift; path = OpenSansEnum.swift; sourceTree = "<group>"; };
		C577377C2C4EA12600A8ADD1 /* WeatherTypeEnum.swift */ = {isa = PBXFileReference; lastKnownFileType = sourcecode.swift; path = WeatherTypeEnum.swift; sourceTree = "<group>"; };
		C57737842C4EB22500A8ADD1 /* Localizable.xcstrings */ = {isa = PBXFileReference; lastKnownFileType = text.json.xcstrings; path = Localizable.xcstrings; sourceTree = "<group>"; };
		C5ACF28F2C4E933800B98952 /* WeatherTypeCollectionViewCell.swift */ = {isa = PBXFileReference; lastKnownFileType = sourcecode.swift; path = WeatherTypeCollectionViewCell.swift; sourceTree = "<group>"; };
		C5ACF2912C4E944500B98952 /* WeatherTypeCollectionView.swift */ = {isa = PBXFileReference; lastKnownFileType = sourcecode.swift; path = WeatherTypeCollectionView.swift; sourceTree = "<group>"; };
		C5ACF2932C4E95C300B98952 /* OpenSans-Regular.ttf */ = {isa = PBXFileReference; lastKnownFileType = file; path = "OpenSans-Regular.ttf"; sourceTree = "<group>"; };
/* End PBXFileReference section */

/* Begin PBXFrameworksBuildPhase section */
		C51EC9072C4E69EA007FE1EA /* Frameworks */ = {
			isa = PBXFrameworksBuildPhase;
			buildActionMask = 2147483647;
			files = (
			);
			runOnlyForDeploymentPostprocessing = 0;
		};
/* End PBXFrameworksBuildPhase section */

/* Begin PBXGroup section */
		C51EC9012C4E69EA007FE1EA = {
			isa = PBXGroup;
			children = (
				C51EC90C2C4E69EA007FE1EA /* WeatherVision */,
				C51EC90B2C4E69EA007FE1EA /* Products */,
			);
			sourceTree = "<group>";
		};
		C51EC90B2C4E69EA007FE1EA /* Products */ = {
			isa = PBXGroup;
			children = (
				C51EC90A2C4E69EA007FE1EA /* WeatherVision.app */,
			);
			name = Products;
			sourceTree = "<group>";
		};
		C51EC90C2C4E69EA007FE1EA /* WeatherVision */ = {
			isa = PBXGroup;
			children = (
				C51EC9212C4E6B18007FE1EA /* Supporting Files */,
				C57737802C4EB0E000A8ADD1 /* Models */,
				C5ACF2942C4E95CC00B98952 /* Font */,
				C57737752C4E9F1F00A8ADD1 /* Extensions */,
				C57737822C4EB0F600A8ADD1 /* Views */,
				C57737812C4EB0EF00A8ADD1 /* Controllers */,
			);
			path = WeatherVision;
			sourceTree = "<group>";
		};
		C51EC9212C4E6B18007FE1EA /* Supporting Files */ = {
			isa = PBXGroup;
			children = (
				C51EC90D2C4E69EA007FE1EA /* AppDelegate.swift */,
				C51EC9162C4E69EC007FE1EA /* Assets.xcassets */,
				C51EC9182C4E69EC007FE1EA /* LaunchScreen.storyboard */,
				C51EC91B2C4E69EC007FE1EA /* Info.plist */,
				C57737842C4EB22500A8ADD1 /* Localizable.xcstrings */,
			);
			path = "Supporting Files";
			sourceTree = "<group>";
		};
		C57737752C4E9F1F00A8ADD1 /* Extensions */ = {
			isa = PBXGroup;
			children = (
				C57737762C4E9F3E00A8ADD1 /* UIView + Extension.swift */,
				C57737782C4E9F5500A8ADD1 /* UIFont + Extension.swift */,
			);
			path = Extensions;
			sourceTree = "<group>";
		};
		C57737802C4EB0E000A8ADD1 /* Models */ = {
			isa = PBXGroup;
			children = (
				C577377C2C4EA12600A8ADD1 /* WeatherTypeEnum.swift */,
			);
			path = Models;
			sourceTree = "<group>";
		};
		C57737812C4EB0EF00A8ADD1 /* Controllers */ = {
			isa = PBXGroup;
			children = (
				C51EC9112C4E69EA007FE1EA /* WeatherViewController.swift */,
			);
			path = Controllers;
			sourceTree = "<group>";
		};
		C57737822C4EB0F600A8ADD1 /* Views */ = {
			isa = PBXGroup;
			children = (
				C5ACF2912C4E944500B98952 /* WeatherTypeCollectionView.swift */,
				C57737832C4EB10400A8ADD1 /* Cells */,
			);
			path = Views;
			sourceTree = "<group>";
		};
		C57737832C4EB10400A8ADD1 /* Cells */ = {
			isa = PBXGroup;
			children = (
				C5ACF28F2C4E933800B98952 /* WeatherTypeCollectionViewCell.swift */,
			);
			path = Cells;
			sourceTree = "<group>";
		};
		C5ACF2942C4E95CC00B98952 /* Font */ = {
			isa = PBXGroup;
			children = (
				C5ACF2932C4E95C300B98952 /* OpenSans-Regular.ttf */,
				C577377A2C4E9FE300A8ADD1 /* OpenSansEnum.swift */,
			);
			path = Font;
			sourceTree = "<group>";
		};
/* End PBXGroup section */

/* Begin PBXNativeTarget section */
		C51EC9092C4E69EA007FE1EA /* WeatherVision */ = {
			isa = PBXNativeTarget;
			buildConfigurationList = C51EC91E2C4E69EC007FE1EA /* Build configuration list for PBXNativeTarget "WeatherVision" */;
			buildPhases = (
				C51EC9062C4E69EA007FE1EA /* Sources */,
				C51EC9072C4E69EA007FE1EA /* Frameworks */,
				C51EC9082C4E69EA007FE1EA /* Resources */,
			);
			buildRules = (
			);
			dependencies = (
			);
			name = WeatherVision;
			productName = WeatherVision;
			productReference = C51EC90A2C4E69EA007FE1EA /* WeatherVision.app */;
			productType = "com.apple.product-type.application";
		};
/* End PBXNativeTarget section */

/* Begin PBXProject section */
		C51EC9022C4E69EA007FE1EA /* Project object */ = {
			isa = PBXProject;
			attributes = {
				BuildIndependentTargetsInParallel = 1;
				LastSwiftUpdateCheck = 1540;
				LastUpgradeCheck = 1540;
				TargetAttributes = {
					C51EC9092C4E69EA007FE1EA = {
						CreatedOnToolsVersion = 15.4;
					};
				};
			};
			buildConfigurationList = C51EC9052C4E69EA007FE1EA /* Build configuration list for PBXProject "WeatherVision" */;
			compatibilityVersion = "Xcode 14.0";
			developmentRegion = en;
			hasScannedForEncodings = 0;
			knownRegions = (
				en,
				Base,
				ru,
			);
			mainGroup = C51EC9012C4E69EA007FE1EA;
			productRefGroup = C51EC90B2C4E69EA007FE1EA /* Products */;
			projectDirPath = "";
			projectRoot = "";
			targets = (
				C51EC9092C4E69EA007FE1EA /* WeatherVision */,
			);
		};
/* End PBXProject section */

/* Begin PBXResourcesBuildPhase section */
		C51EC9082C4E69EA007FE1EA /* Resources */ = {
			isa = PBXResourcesBuildPhase;
			buildActionMask = 2147483647;
			files = (
				C51EC9172C4E69EC007FE1EA /* Assets.xcassets in Resources */,
				C5ACF2952C4E95DB00B98952 /* OpenSans-Regular.ttf in Resources */,
				C57737852C4EB22500A8ADD1 /* Localizable.xcstrings in Resources */,
				C51EC91A2C4E69EC007FE1EA /* Base in Resources */,
			);
			runOnlyForDeploymentPostprocessing = 0;
		};
/* End PBXResourcesBuildPhase section */

/* Begin PBXSourcesBuildPhase section */
		C51EC9062C4E69EA007FE1EA /* Sources */ = {
			isa = PBXSourcesBuildPhase;
			buildActionMask = 2147483647;
			files = (
				C57737792C4E9F5500A8ADD1 /* UIFont + Extension.swift in Sources */,
				C51EC9122C4E69EA007FE1EA /* WeatherViewController.swift in Sources */,
				C577377B2C4E9FE300A8ADD1 /* OpenSansEnum.swift in Sources */,
				C5ACF2902C4E933800B98952 /* WeatherTypeCollectionViewCell.swift in Sources */,
				C51EC90E2C4E69EA007FE1EA /* AppDelegate.swift in Sources */,
				C57737772C4E9F3E00A8ADD1 /* UIView + Extension.swift in Sources */,
				C5ACF2922C4E944500B98952 /* WeatherTypeCollectionView.swift in Sources */,
				C577377D2C4EA12600A8ADD1 /* WeatherTypeEnum.swift in Sources */,
			);
			runOnlyForDeploymentPostprocessing = 0;
		};
/* End PBXSourcesBuildPhase section */

/* Begin PBXVariantGroup section */
		C51EC9182C4E69EC007FE1EA /* LaunchScreen.storyboard */ = {
			isa = PBXVariantGroup;
			children = (
				C51EC9192C4E69EC007FE1EA /* Base */,
			);
			name = LaunchScreen.storyboard;
			sourceTree = "<group>";
		};
/* End PBXVariantGroup section */

/* Begin XCBuildConfiguration section */
		C51EC91C2C4E69EC007FE1EA /* Debug */ = {
			isa = XCBuildConfiguration;
			buildSettings = {
				ALWAYS_SEARCH_USER_PATHS = NO;
				ASSETCATALOG_COMPILER_GENERATE_SWIFT_ASSET_SYMBOL_EXTENSIONS = YES;
				CLANG_ANALYZER_NONNULL = YES;
				CLANG_ANALYZER_NUMBER_OBJECT_CONVERSION = YES_AGGRESSIVE;
				CLANG_CXX_LANGUAGE_STANDARD = "gnu++20";
				CLANG_ENABLE_MODULES = YES;
				CLANG_ENABLE_OBJC_ARC = YES;
				CLANG_ENABLE_OBJC_WEAK = YES;
				CLANG_WARN_BLOCK_CAPTURE_AUTORELEASING = YES;
				CLANG_WARN_BOOL_CONVERSION = YES;
				CLANG_WARN_COMMA = YES;
				CLANG_WARN_CONSTANT_CONVERSION = YES;
				CLANG_WARN_DEPRECATED_OBJC_IMPLEMENTATIONS = YES;
				CLANG_WARN_DIRECT_OBJC_ISA_USAGE = YES_ERROR;
				CLANG_WARN_DOCUMENTATION_COMMENTS = YES;
				CLANG_WARN_EMPTY_BODY = YES;
				CLANG_WARN_ENUM_CONVERSION = YES;
				CLANG_WARN_INFINITE_RECURSION = YES;
				CLANG_WARN_INT_CONVERSION = YES;
				CLANG_WARN_NON_LITERAL_NULL_CONVERSION = YES;
				CLANG_WARN_OBJC_IMPLICIT_RETAIN_SELF = YES;
				CLANG_WARN_OBJC_LITERAL_CONVERSION = YES;
				CLANG_WARN_OBJC_ROOT_CLASS = YES_ERROR;
				CLANG_WARN_QUOTED_INCLUDE_IN_FRAMEWORK_HEADER = YES;
				CLANG_WARN_RANGE_LOOP_ANALYSIS = YES;
				CLANG_WARN_STRICT_PROTOTYPES = YES;
				CLANG_WARN_SUSPICIOUS_MOVE = YES;
				CLANG_WARN_UNGUARDED_AVAILABILITY = YES_AGGRESSIVE;
				CLANG_WARN_UNREACHABLE_CODE = YES;
				CLANG_WARN__DUPLICATE_METHOD_MATCH = YES;
				COPY_PHASE_STRIP = NO;
				DEBUG_INFORMATION_FORMAT = dwarf;
				ENABLE_STRICT_OBJC_MSGSEND = YES;
				ENABLE_TESTABILITY = YES;
				ENABLE_USER_SCRIPT_SANDBOXING = YES;
				GCC_C_LANGUAGE_STANDARD = gnu17;
				GCC_DYNAMIC_NO_PIC = NO;
				GCC_NO_COMMON_BLOCKS = YES;
				GCC_OPTIMIZATION_LEVEL = 0;
				GCC_PREPROCESSOR_DEFINITIONS = (
					"DEBUG=1",
					"$(inherited)",
				);
				GCC_WARN_64_TO_32_BIT_CONVERSION = YES;
				GCC_WARN_ABOUT_RETURN_TYPE = YES_ERROR;
				GCC_WARN_UNDECLARED_SELECTOR = YES;
				GCC_WARN_UNINITIALIZED_AUTOS = YES_AGGRESSIVE;
				GCC_WARN_UNUSED_FUNCTION = YES;
				GCC_WARN_UNUSED_VARIABLE = YES;
				IPHONEOS_DEPLOYMENT_TARGET = 15.0;
				LOCALIZATION_PREFERS_STRING_CATALOGS = YES;
				MTL_ENABLE_DEBUG_INFO = INCLUDE_SOURCE;
				MTL_FAST_MATH = YES;
				ONLY_ACTIVE_ARCH = YES;
				SDKROOT = iphoneos;
				SWIFT_ACTIVE_COMPILATION_CONDITIONS = "DEBUG $(inherited)";
				SWIFT_OPTIMIZATION_LEVEL = "-Onone";
			};
			name = Debug;
		};
		C51EC91D2C4E69EC007FE1EA /* Release */ = {
			isa = XCBuildConfiguration;
			buildSettings = {
				ALWAYS_SEARCH_USER_PATHS = NO;
				ASSETCATALOG_COMPILER_GENERATE_SWIFT_ASSET_SYMBOL_EXTENSIONS = YES;
				CLANG_ANALYZER_NONNULL = YES;
				CLANG_ANALYZER_NUMBER_OBJECT_CONVERSION = YES_AGGRESSIVE;
				CLANG_CXX_LANGUAGE_STANDARD = "gnu++20";
				CLANG_ENABLE_MODULES = YES;
				CLANG_ENABLE_OBJC_ARC = YES;
				CLANG_ENABLE_OBJC_WEAK = YES;
				CLANG_WARN_BLOCK_CAPTURE_AUTORELEASING = YES;
				CLANG_WARN_BOOL_CONVERSION = YES;
				CLANG_WARN_COMMA = YES;
				CLANG_WARN_CONSTANT_CONVERSION = YES;
				CLANG_WARN_DEPRECATED_OBJC_IMPLEMENTATIONS = YES;
				CLANG_WARN_DIRECT_OBJC_ISA_USAGE = YES_ERROR;
				CLANG_WARN_DOCUMENTATION_COMMENTS = YES;
				CLANG_WARN_EMPTY_BODY = YES;
				CLANG_WARN_ENUM_CONVERSION = YES;
				CLANG_WARN_INFINITE_RECURSION = YES;
				CLANG_WARN_INT_CONVERSION = YES;
				CLANG_WARN_NON_LITERAL_NULL_CONVERSION = YES;
				CLANG_WARN_OBJC_IMPLICIT_RETAIN_SELF = YES;
				CLANG_WARN_OBJC_LITERAL_CONVERSION = YES;
				CLANG_WARN_OBJC_ROOT_CLASS = YES_ERROR;
				CLANG_WARN_QUOTED_INCLUDE_IN_FRAMEWORK_HEADER = YES;
				CLANG_WARN_RANGE_LOOP_ANALYSIS = YES;
				CLANG_WARN_STRICT_PROTOTYPES = YES;
				CLANG_WARN_SUSPICIOUS_MOVE = YES;
				CLANG_WARN_UNGUARDED_AVAILABILITY = YES_AGGRESSIVE;
				CLANG_WARN_UNREACHABLE_CODE = YES;
				CLANG_WARN__DUPLICATE_METHOD_MATCH = YES;
				COPY_PHASE_STRIP = NO;
				DEBUG_INFORMATION_FORMAT = "dwarf-with-dsym";
				ENABLE_NS_ASSERTIONS = NO;
				ENABLE_STRICT_OBJC_MSGSEND = YES;
				ENABLE_USER_SCRIPT_SANDBOXING = YES;
				GCC_C_LANGUAGE_STANDARD = gnu17;
				GCC_NO_COMMON_BLOCKS = YES;
				GCC_WARN_64_TO_32_BIT_CONVERSION = YES;
				GCC_WARN_ABOUT_RETURN_TYPE = YES_ERROR;
				GCC_WARN_UNDECLARED_SELECTOR = YES;
				GCC_WARN_UNINITIALIZED_AUTOS = YES_AGGRESSIVE;
				GCC_WARN_UNUSED_FUNCTION = YES;
				GCC_WARN_UNUSED_VARIABLE = YES;
				IPHONEOS_DEPLOYMENT_TARGET = 15.0;
				LOCALIZATION_PREFERS_STRING_CATALOGS = YES;
				MTL_ENABLE_DEBUG_INFO = NO;
				MTL_FAST_MATH = YES;
				SDKROOT = iphoneos;
				SWIFT_COMPILATION_MODE = wholemodule;
				VALIDATE_PRODUCT = YES;
			};
			name = Release;
		};
		C51EC91F2C4E69EC007FE1EA /* Debug */ = {
			isa = XCBuildConfiguration;
			buildSettings = {
				ASSETCATALOG_COMPILER_APPICON_NAME = AppIcon;
				ASSETCATALOG_COMPILER_GLOBAL_ACCENT_COLOR_NAME = AccentColor;
				CODE_SIGN_STYLE = Automatic;
				CURRENT_PROJECT_VERSION = 1;
				DEVELOPMENT_TEAM = 5CD9RDCH3V;
				GENERATE_INFOPLIST_FILE = YES;
				INFOPLIST_FILE = "WeatherVision/Supporting Files/Info.plist";
				INFOPLIST_KEY_UIApplicationSupportsIndirectInputEvents = YES;
				INFOPLIST_KEY_UILaunchStoryboardName = LaunchScreen;
				INFOPLIST_KEY_UISupportedInterfaceOrientations = UIInterfaceOrientationPortrait;
				LD_RUNPATH_SEARCH_PATHS = (
					"$(inherited)",
					"@executable_path/Frameworks",
				);
				MARKETING_VERSION = 1.0;
				PRODUCT_BUNDLE_IDENTIFIER = com.SAI.WeatherVision;
				PRODUCT_NAME = "$(TARGET_NAME)";
				SUPPORTED_PLATFORMS = "iphoneos iphonesimulator";
				SUPPORTS_MACCATALYST = NO;
				SUPPORTS_MAC_DESIGNED_FOR_IPHONE_IPAD = NO;
				SUPPORTS_XR_DESIGNED_FOR_IPHONE_IPAD = NO;
				SWIFT_EMIT_LOC_STRINGS = YES;
				SWIFT_VERSION = 5.0;
				TARGETED_DEVICE_FAMILY = 1;
			};
			name = Debug;
		};
		C51EC9202C4E69EC007FE1EA /* Release */ = {
			isa = XCBuildConfiguration;
			buildSettings = {
				ASSETCATALOG_COMPILER_APPICON_NAME = AppIcon;
				ASSETCATALOG_COMPILER_GLOBAL_ACCENT_COLOR_NAME = AccentColor;
				CODE_SIGN_STYLE = Automatic;
				CURRENT_PROJECT_VERSION = 1;
				DEVELOPMENT_TEAM = 5CD9RDCH3V;
				GENERATE_INFOPLIST_FILE = YES;
				INFOPLIST_FILE = "WeatherVision/Supporting Files/Info.plist";
				INFOPLIST_KEY_UIApplicationSupportsIndirectInputEvents = YES;
				INFOPLIST_KEY_UILaunchStoryboardName = LaunchScreen;
				INFOPLIST_KEY_UISupportedInterfaceOrientations = UIInterfaceOrientationPortrait;
				LD_RUNPATH_SEARCH_PATHS = (
					"$(inherited)",
					"@executable_path/Frameworks",
				);
				MARKETING_VERSION = 1.0;
				PRODUCT_BUNDLE_IDENTIFIER = com.SAI.WeatherVision;
				PRODUCT_NAME = "$(TARGET_NAME)";
				SUPPORTED_PLATFORMS = "iphoneos iphonesimulator";
				SUPPORTS_MACCATALYST = NO;
				SUPPORTS_MAC_DESIGNED_FOR_IPHONE_IPAD = NO;
				SUPPORTS_XR_DESIGNED_FOR_IPHONE_IPAD = NO;
				SWIFT_EMIT_LOC_STRINGS = YES;
				SWIFT_VERSION = 5.0;
				TARGETED_DEVICE_FAMILY = 1;
			};
			name = Release;
		};
/* End XCBuildConfiguration section */

/* Begin XCConfigurationList section */
		C51EC9052C4E69EA007FE1EA /* Build configuration list for PBXProject "WeatherVision" */ = {
			isa = XCConfigurationList;
			buildConfigurations = (
				C51EC91C2C4E69EC007FE1EA /* Debug */,
				C51EC91D2C4E69EC007FE1EA /* Release */,
			);
			defaultConfigurationIsVisible = 0;
			defaultConfigurationName = Release;
		};
		C51EC91E2C4E69EC007FE1EA /* Build configuration list for PBXNativeTarget "WeatherVision" */ = {
			isa = XCConfigurationList;
			buildConfigurations = (
				C51EC91F2C4E69EC007FE1EA /* Debug */,
				C51EC9202C4E69EC007FE1EA /* Release */,
			);
			defaultConfigurationIsVisible = 0;
			defaultConfigurationName = Release;
		};
/* End XCConfigurationList section */
	};
	rootObject = C51EC9022C4E69EA007FE1EA /* Project object */;
}
